{
  "version": 4,
  "terraform_version": "1.10.1",
  "serial": 38,
  "lineage": "d82075ac-a1e6-558e-f2cc-3075e353466b",
  "outputs": {
    "droplet_ip": {
      "value": "159.65.162.82",
      "type": "string"
    },
    "droplet_status": {
      "value": "active",
      "type": "string"
    }
  },
  "resources": [
    {
      "mode": "managed",
      "type": "digitalocean_droplet",
      "name": "adaifi",
      "provider": "provider[\"registry.terraform.io/digitalocean/digitalocean\"]",
      "instances": [
        {
          "schema_version": 1,
          "attributes": {
            "backup_policy": [],
            "backups": false,
            "created_at": "2024-12-05T18:33:42Z",
            "disk": 120,
            "droplet_agent": null,
            "graceful_shutdown": false,
            "id": "461886880",
            "image": "debian-12-x64",
            "ipv4_address": "159.65.162.82",
            "ipv4_address_private": "10.108.0.2",
            "ipv6": false,
            "ipv6_address": "",
            "locked": false,
            "memory": 4096,
            "monitoring": false,
            "name": "adaifi",
            "price_hourly": 0.04762,
            "price_monthly": 32,
            "private_networking": true,
            "region": "nyc3",
            "resize_disk": true,
            "size": "s-2vcpu-4gb-120gb-intel",
            "ssh_keys": [
              "44285291"
            ],
            "status": "active",
            "tags": null,
            "timeouts": null,
            "urn": "do:droplet:461886880",
            "user_data": null,
            "vcpus": 2,
            "volume_ids": [],
            "vpc_uuid": "37b77f6f-7caf-4c7d-bca5-6b0ed6738f80"
          },
          "sensitive_attributes": [],
          "private": "eyJlMmJmYjczMC1lY2FhLTExZTYtOGY4OC0zNDM2M2JjN2M0YzAiOnsiY3JlYXRlIjozNjAwMDAwMDAwMDAwLCJkZWxldGUiOjYwMDAwMDAwMDAwLCJ1cGRhdGUiOjM2MDAwMDAwMDAwMDB9LCJzY2hlbWFfdmVyc2lvbiI6IjEifQ==",
          "dependencies": [
            "digitalocean_ssh_key.adaifi_ssh"
          ]
        }
      ]
    },
    {
      "mode": "managed",
      "type": "digitalocean_ssh_key",
      "name": "adaifi_ssh",
      "provider": "provider[\"registry.terraform.io/digitalocean/digitalocean\"]",
      "instances": [
        {
          "schema_version": 0,
          "attributes": {
            "fingerprint": "30:2f:91:34:8a:44:c3:e2:6b:8b:aa:05:8b:49:c8:8e",
            "id": "44285291",
            "name": "adaifi_ssh",
            "public_key": "ssh-rsa AAAAB3NzaC1yc2EAAAADAQABAAACAQD2d1dcvoVaa+7TXsHFkeQGPS1L9fxMICtugG+vZc+HvU5dfuSGT9hSNO5tWMrQ70MJJo5j4krBmdeDHRHPXKU/nEachDsiXCbMfqvcL07lUUKuLxQV8rCPmYwRSJGzF/J1Lmyb/pumVXAZQm23Wd20JJHVUSFIPqFXUKCRVfc5npoIGq3aCQO5SQ8NCCi1uJTJVLpX+9B0wnGUZTgN61YOJ3m9brEuLLzgODb2SSKYk2LWa7OU3eWFK/8xKmLNyqL6zWHF38PquyHrFmDzSUYAm/lYYRLh+kblXBpBh/1ctbLFJg91cEo6zw/RSk1GImeAZVToXAeXBhzebf8TYKtEN0Mxcgwwomsfdz2zlxxQK/CLDWRei6qe2Hl/N4z4s0Rccq2mREYDe53mroRVOQiosMretCRuKuPNf3/fj5IL3NMSHsjesvnvQ7kUPBWxyK6iK4ZjRVQbn5pp5rkvzGyLJAMd0E6UkKb15tSEf2juTq5ac8z1aTZACAarJwj2C2R1NJ1uJrYvAy779G5xnTQm2HklFbIR+CuW6RvW0e4+XrKAaJgMW3FT3FXHkF5JBxZCDmcnIaSU7lQqAa43wHmZTbhuZfH1v6Ne42/+fPhyEKhCjNfGN2klQLDgWGrbnUqVv5tckMVh9BZWsWuHd8aRDihtcrPSpo2YXtYH9gF3Xw== root@alouziziS\n",
            "timeouts": null
          },
          "sensitive_attributes": [],
          "private": "eyJlMmJmYjczMC1lY2FhLTExZTYtOGY4OC0zNDM2M2JjN2M0YzAiOnsiY3JlYXRlIjoxMjAwMDAwMDAwMDB9fQ=="
        }
      ]
    }
  ],
  "check_results": null
}
